
Microsoft Visual Studio Solution File, Format Version 12.00
# Visual Studio Version 17
VisualStudioVersion = 17.3.32819.101
MinimumVisualStudioVersion = 10.0.40219.1
Project("{FAE04EC0-301F-11D3-BF4B-00C04F79EFBC}") = "Conditionals", "Conditionals\Conditionals.csproj", "{8408B012-FFE8-4887-A3B8-C4FD9EB6FC81}"
EndProject
Global
	GlobalSection(SolutionConfigurationPlatforms) = preSolution
		Debug|Any CPU = Debug|Any CPU
		Release|Any CPU = Release|Any CPU
	EndGlobalSection
	GlobalSection(ProjectConfigurationPlatforms) = postSolution
		{8408B012-FFE8-4887-A3B8-C4FD9EB6FC81}.Debug|Any CPU.ActiveCfg = Debug|Any CPU
		{8408B012-FFE8-4887-A3B8-C4FD9EB6FC81}.Debug|Any CPU.Build.0 = Debug|Any CPU
		{8408B012-FFE8-4887-A3B8-C4FD9EB6FC81}.Release|Any CPU.ActiveCfg = Release|Any CPU
		{8408B012-FFE8-4887-A3B8-C4FD9EB6FC81}.Release|Any CPU.Build.0 = Release|Any CPU
	EndGlobalSection
	GlobalSection(SolutionProperties) = preSolution
		HideSolutionNode = FALSE
	EndGlobalSection
	GlobalSection(ExtensibilityGlobals) = postSolution
		SolutionGuid = {715DA67D-2CD1-4631-8981-91748049C49F}
	EndGlobalSection
EndGlobal
